// !$*UTF8*$!
{
	archiveVersion = 1;
	classes = {
	};
	objectVersion = 46;
	objects = {

/* Begin PBXBuildFile section */
		3F0D8895131DF28300734292 /* UIKit.framework in Frameworks */ = {isa = PBXBuildFile; fileRef = 3F0D8894131DF28300734292 /* UIKit.framework */; };
		3F0D8897131DF28300734292 /* Foundation.framework in Frameworks */ = {isa = PBXBuildFile; fileRef = 3F0D8896131DF28300734292 /* Foundation.framework */; };
		3F0D8899131DF28300734292 /* CoreGraphics.framework in Frameworks */ = {isa = PBXBuildFile; fileRef = 3F0D8898131DF28300734292 /* CoreGraphics.framework */; };
		3F0D889B131DF28300734292 /* CoreData.framework in Frameworks */ = {isa = PBXBuildFile; fileRef = 3F0D889A131DF28300734292 /* CoreData.framework */; };
		3F0D88A1131DF28300734292 /* InfoPlist.strings in Resources */ = {isa = PBXBuildFile; fileRef = 3F0D889F131DF28300734292 /* InfoPlist.strings */; };
		3F0D88A4131DF28300734292 /* main.m in Sources */ = {isa = PBXBuildFile; fileRef = 3F0D88A3131DF28300734292 /* main.m */; };
		3F0D88A7131DF28300734292 /* FlickrViewAppDelegate.m in Sources */ = {isa = PBXBuildFile; fileRef = 3F0D88A6131DF28300734292 /* FlickrViewAppDelegate.m */; };
		3F0D88AA131DF28400734292 /* FlickrView.xcdatamodeld in Sources */ = {isa = PBXBuildFile; fileRef = 3F0D88A8131DF28300734292 /* FlickrView.xcdatamodeld */; };
		3F0D88AE131DF28400734292 /* FlickrViewAppDelegate_iPhone.m in Sources */ = {isa = PBXBuildFile; fileRef = 3F0D88AD131DF28400734292 /* FlickrViewAppDelegate_iPhone.m */; };
		3F0D88B1131DF28400734292 /* MainWindow_iPhone.xib in Resources */ = {isa = PBXBuildFile; fileRef = 3F0D88AF131DF28400734292 /* MainWindow_iPhone.xib */; };
		3F0D88B5131DF28400734292 /* FlickrViewAppDelegate_iPad.m in Sources */ = {isa = PBXBuildFile; fileRef = 3F0D88B4131DF28400734292 /* FlickrViewAppDelegate_iPad.m */; };
		3F0D88B8131DF28400734292 /* MainWindow_iPad.xib in Resources */ = {isa = PBXBuildFile; fileRef = 3F0D88B6131DF28400734292 /* MainWindow_iPad.xib */; };
		3F0D88BF131DF28400734292 /* UIKit.framework in Frameworks */ = {isa = PBXBuildFile; fileRef = 3F0D8894131DF28300734292 /* UIKit.framework */; };
		3F0D88C0131DF28400734292 /* Foundation.framework in Frameworks */ = {isa = PBXBuildFile; fileRef = 3F0D8896131DF28300734292 /* Foundation.framework */; };
		3F0D88C1131DF28400734292 /* CoreGraphics.framework in Frameworks */ = {isa = PBXBuildFile; fileRef = 3F0D8898131DF28300734292 /* CoreGraphics.framework */; };
		3F0D88C2131DF28400734292 /* CoreData.framework in Frameworks */ = {isa = PBXBuildFile; fileRef = 3F0D889A131DF28300734292 /* CoreData.framework */; };
		3F0D88CA131DF28400734292 /* InfoPlist.strings in Resources */ = {isa = PBXBuildFile; fileRef = 3F0D88C8131DF28400734292 /* InfoPlist.strings */; };
		3F0D88CD131DF28400734292 /* FlickrViewTests.h in Resources */ = {isa = PBXBuildFile; fileRef = 3F0D88CC131DF28400734292 /* FlickrViewTests.h */; };
		3F0D88CF131DF28400734292 /* FlickrViewTests.m in Sources */ = {isa = PBXBuildFile; fileRef = 3F0D88CE131DF28400734292 /* FlickrViewTests.m */; };
		3F0D88E1131DF5DA00734292 /* HomePageTableViewController.m in Sources */ = {isa = PBXBuildFile; fileRef = 3F0D88E0131DF5DA00734292 /* HomePageTableViewController.m */; };
		3F3FC6691332159C003016F3 /* URLModelResponse.m in Sources */ = {isa = PBXBuildFile; fileRef = 3F3FC6681332159C003016F3 /* URLModelResponse.m */; };
		3F3FC66C133215B3003016F3 /* SearchResult.m in Sources */ = {isa = PBXBuildFile; fileRef = 3F3FC66B133215B3003016F3 /* SearchResult.m */; };
		3F3FC670133215E3003016F3 /* FlickrSearchResultsModel.m in Sources */ = {isa = PBXBuildFile; fileRef = 3F3FC66F133215E3003016F3 /* FlickrSearchResultsModel.m */; };
		3F3FC673133215EC003016F3 /* FlickrResponse.m in Sources */ = {isa = PBXBuildFile; fileRef = 3F3FC672133215EC003016F3 /* FlickrResponse.m */; };
		3F3FC67613321606003016F3 /* ForwardingAdapters.m in Sources */ = {isa = PBXBuildFile; fileRef = 3F3FC67513321606003016F3 /* ForwardingAdapters.m */; };
		3F3FC67913321629003016F3 /* SearchResultsPhotoSource.m in Sources */ = {isa = PBXBuildFile; fileRef = 3F3FC67813321629003016F3 /* SearchResultsPhotoSource.m */; };
		3F3FC67E13321638003016F3 /* SearchResultsTableDataSource.m in Sources */ = {isa = PBXBuildFile; fileRef = 3F3FC67B13321638003016F3 /* SearchResultsTableDataSource.m */; };
		3F3FC67F13321638003016F3 /* SearchTableViewController.m in Sources */ = {isa = PBXBuildFile; fileRef = 3F3FC67D13321638003016F3 /* SearchTableViewController.m */; };
		3FABF9CB1342ED4700242322 /* SearchBarController.m in Sources */ = {isa = PBXBuildFile; fileRef = 3FABF9CA1342ED4700242322 /* SearchBarController.m */; };
		3FABFB9C13448C4A00242322 /* ContactsListTableViewController.m in Sources */ = {isa = PBXBuildFile; fileRef = 3FABFB9B13448C4A00242322 /* ContactsListTableViewController.m */; };
		3FABFBA413448D1900242322 /* ContactsListDataSource.m in Sources */ = {isa = PBXBuildFile; fileRef = 3FABFBA313448D1900242322 /* ContactsListDataSource.m */; };
		3FB61C74134BEF8B004B9AA0 /* SystemConfiguration.framework in Frameworks */ = {isa = PBXBuildFile; fileRef = 3FB61C73134BEF8B004B9AA0 /* SystemConfiguration.framework */; };
		3FB61FC6134C1203004B9AA0 /* libThree20Core.a in Frameworks */ = {isa = PBXBuildFile; fileRef = 3FB61F93134C11CD004B9AA0 /* libThree20Core.a */; };
		3FB61FC7134C1207004B9AA0 /* libThree20Network.a in Frameworks */ = {isa = PBXBuildFile; fileRef = 3FB61F9B134C11CD004B9AA0 /* libThree20Network.a */; };
		3FB61FC8134C120C004B9AA0 /* libThree20Style.a in Frameworks */ = {isa = PBXBuildFile; fileRef = 3FB61FA3134C11CD004B9AA0 /* libThree20Style.a */; };
		3FB61FC9134C120F004B9AA0 /* libThree20UICommon.a in Frameworks */ = {isa = PBXBuildFile; fileRef = 3FB61FAB134C11CD004B9AA0 /* libThree20UICommon.a */; };
		3FB61FCA134C1213004B9AA0 /* libThree20UINavigator.a in Frameworks */ = {isa = PBXBuildFile; fileRef = 3FB61FB3134C11CD004B9AA0 /* libThree20UINavigator.a */; };
		3FB61FCB134C1215004B9AA0 /* libThree20UI.a in Frameworks */ = {isa = PBXBuildFile; fileRef = 3FB61FBB134C11CD004B9AA0 /* libThree20UI.a */; };
		3FB61FCC134C121B004B9AA0 /* libThree20.a in Frameworks */ = {isa = PBXBuildFile; fileRef = 3FB61F75134C11AB004B9AA0 /* libThree20.a */; };
		3FB61FDA134C129A004B9AA0 /* Three20.bundle in Resources */ = {isa = PBXBuildFile; fileRef = 3FB61FD9134C129A004B9AA0 /* Three20.bundle */; };
		3FB9CC18131F39A5002F46C4 /* PhotoSpotsListTableViewController.m in Sources */ = {isa = PBXBuildFile; fileRef = 3FB9CC17131F39A5002F46C4 /* PhotoSpotsListTableViewController.m */; };
		3FB9CC23131F3A82002F46C4 /* Placeholder.png in Resources */ = {isa = PBXBuildFile; fileRef = 3FB9CC1D131F3A82002F46C4 /* Placeholder.png */; };
		3FB9CC24131F3A82002F46C4 /* all.png in Resources */ = {isa = PBXBuildFile; fileRef = 3FB9CC1E131F3A82002F46C4 /* all.png */; };
		3FB9CC25131F3A82002F46C4 /* faves.png in Resources */ = {isa = PBXBuildFile; fileRef = 3FB9CC1F131F3A82002F46C4 /* faves.png */; };
		3FB9CC26131F3A82002F46C4 /* search.png in Resources */ = {isa = PBXBuildFile; fileRef = 3FB9CC20131F3A82002F46C4 /* search.png */; };
		3FB9CC27131F3A82002F46C4 /* star_empty.png in Resources */ = {isa = PBXBuildFile; fileRef = 3FB9CC21131F3A82002F46C4 /* star_empty.png */; };
		3FB9CC28131F3A82002F46C4 /* star_full.png in Resources */ = {isa = PBXBuildFile; fileRef = 3FB9CC22131F3A82002F46C4 /* star_full.png */; };
		3FB9CD48131F902E002F46C4 /* FlickrFetcher.m in Sources */ = {isa = PBXBuildFile; fileRef = 3FB9CD45131F902D002F46C4 /* FlickrFetcher.m */; };
		3FB9CD49131F902E002F46C4 /* CoreDataTableViewController.m in Sources */ = {isa = PBXBuildFile; fileRef = 3FB9CD47131F902E002F46C4 /* CoreDataTableViewController.m */; };
		3FB9CD4B131F908B002F46C4 /* FlickrView.xcdatamodel in Sources */ = {isa = PBXBuildFile; fileRef = 3FB9CD4A131F908B002F46C4 /* FlickrView.xcdatamodel */; };
		3FB9CD5C131F91C9002F46C4 /* NSObject+SBJSON.m in Sources */ = {isa = PBXBuildFile; fileRef = 3FB9CD51131F91C9002F46C4 /* NSObject+SBJSON.m */; };
		3FB9CD5D131F91C9002F46C4 /* NSString+SBJSON.m in Sources */ = {isa = PBXBuildFile; fileRef = 3FB9CD53131F91C9002F46C4 /* NSString+SBJSON.m */; };
		3FB9CD5E131F91C9002F46C4 /* SBJSON.m in Sources */ = {isa = PBXBuildFile; fileRef = 3FB9CD55131F91C9002F46C4 /* SBJSON.m */; };
		3FB9CD5F131F91C9002F46C4 /* SBJsonBase.m in Sources */ = {isa = PBXBuildFile; fileRef = 3FB9CD57131F91C9002F46C4 /* SBJsonBase.m */; };
		3FB9CD60131F91C9002F46C4 /* SBJsonParser.m in Sources */ = {isa = PBXBuildFile; fileRef = 3FB9CD59131F91C9002F46C4 /* SBJsonParser.m */; };
		3FB9CD61131F91C9002F46C4 /* SBJsonWriter.m in Sources */ = {isa = PBXBuildFile; fileRef = 3FB9CD5B131F91C9002F46C4 /* SBJsonWriter.m */; };
		3FB9CDE6131F9272002F46C4 /* MapKit.framework in Frameworks */ = {isa = PBXBuildFile; fileRef = 3FB9CDE5131F9272002F46C4 /* MapKit.framework */; };
		3FB9CE16131F965E002F46C4 /* TopPlaceTableViewController.m in Sources */ = {isa = PBXBuildFile; fileRef = 3FB9CE15131F965E002F46C4 /* TopPlaceTableViewController.m */; };
		3FB9CE5B131F9FB6002F46C4 /* SnapAndRunViewController.m in Sources */ = {isa = PBXBuildFile; fileRef = 3FB9CE59131F9FB6002F46C4 /* SnapAndRunViewController.m */; };
		3FB9CE5C131F9FB6002F46C4 /* SnapAndRunViewController.xib in Resources */ = {isa = PBXBuildFile; fileRef = 3FB9CE5A131F9FB6002F46C4 /* SnapAndRunViewController.xib */; };
		3FB9CEAB132089B2002F46C4 /* UserPhotosTableViewController.m in Sources */ = {isa = PBXBuildFile; fileRef = 3FB9CEA9132089B2002F46C4 /* UserPhotosTableViewController.m */; };
		3FB9CFBB1320E781002F46C4 /* UserTableViewController.m in Sources */ = {isa = PBXBuildFile; fileRef = 3FB9CFBA1320E781002F46C4 /* UserTableViewController.m */; };
		3FB9D00D1320EF1E002F46C4 /* UserContactsTableViewController.m in Sources */ = {isa = PBXBuildFile; fileRef = 3FB9D00C1320EF1E002F46C4 /* UserContactsTableViewController.m */; };
		3FB9D07D1321CE94002F46C4 /* QuartzCore.framework in Frameworks */ = {isa = PBXBuildFile; fileRef = 3FB9D07C1321CE94002F46C4 /* QuartzCore.framework */; };
		3FC301901339EB460009E01F /* FillPhotoInfoViewController.m in Sources */ = {isa = PBXBuildFile; fileRef = 3FC3018F1339EB460009E01F /* FillPhotoInfoViewController.m */; };
		3FD96C52131E3276007D5406 /* CFNetwork.framework in Frameworks */ = {isa = PBXBuildFile; fileRef = 3FD96C51131E3276007D5406 /* CFNetwork.framework */; };
		3FD96C62131E3289007D5406 /* libObjectiveFlickr.a in Frameworks */ = {isa = PBXBuildFile; fileRef = 3FD96C4E131E320F007D5406 /* libObjectiveFlickr.a */; };
/* End PBXBuildFile section */

/* Begin PBXContainerItemProxy section */
		3F0D88C3131DF28400734292 /* PBXContainerItemProxy */ = {
			isa = PBXContainerItemProxy;
			containerPortal = 3F0D8887131DF28300734292 /* Project object */;
			proxyType = 1;
			remoteGlobalIDString = 3F0D888F131DF28300734292;
			remoteInfo = FlickrView;
		};
		3FB61F74134C11AB004B9AA0 /* PBXContainerItemProxy */ = {
			isa = PBXContainerItemProxy;
			containerPortal = 3FB61F47134C11AA004B9AA0 /* Three20.xcodeproj */;
			proxyType = 2;
			remoteGlobalIDString = BEF31F3A0F352DF5000DE5D2 /* libThree20.a */;
			remoteInfo = Three20;
		};
		3FB61F76134C11AB004B9AA0 /* PBXContainerItemProxy */ = {
			isa = PBXContainerItemProxy;
			containerPortal = 3FB61F47134C11AA004B9AA0 /* Three20.xcodeproj */;
			proxyType = 2;
			remoteGlobalIDString = EB9E6C6210B6A8F800DE563C /* Three20UnitTests.octest */;
			remoteInfo = Three20UnitTests;
		};
		3FB61F92134C11CD004B9AA0 /* PBXContainerItemProxy */ = {
			isa = PBXContainerItemProxy;
			containerPortal = 3FB61F7C134C11CD004B9AA0 /* Three20Core.xcodeproj */;
			proxyType = 2;
			remoteGlobalIDString = BEF31F3A0F352DF5000DE5D2 /* libThree20Core.a */;
			remoteInfo = Three20Core;
		};
		3FB61F94134C11CD004B9AA0 /* PBXContainerItemProxy */ = {
			isa = PBXContainerItemProxy;
			containerPortal = 3FB61F7C134C11CD004B9AA0 /* Three20Core.xcodeproj */;
			proxyType = 2;
			remoteGlobalIDString = EB9E6C6210B6A8F800DE563C /* CoreUnitTests.octest */;
			remoteInfo = Three20CoreUnitTests;
		};
		3FB61F9A134C11CD004B9AA0 /* PBXContainerItemProxy */ = {
			isa = PBXContainerItemProxy;
			containerPortal = 3FB61F7F134C11CD004B9AA0 /* Three20Network.xcodeproj */;
			proxyType = 2;
			remoteGlobalIDString = BEF31F3A0F352DF5000DE5D2 /* libThree20Network.a */;
			remoteInfo = Three20Network;
		};
		3FB61F9C134C11CD004B9AA0 /* PBXContainerItemProxy */ = {
			isa = PBXContainerItemProxy;
			containerPortal = 3FB61F7F134C11CD004B9AA0 /* Three20Network.xcodeproj */;
			proxyType = 2;
			remoteGlobalIDString = EB9E6C6210B6A8F800DE563C /* NetworkUnitTests.octest */;
			remoteInfo = Three20NetworkUnitTests;
		};
		3FB61FA2134C11CD004B9AA0 /* PBXContainerItemProxy */ = {
			isa = PBXContainerItemProxy;
			containerPortal = 3FB61F82134C11CD004B9AA0 /* Three20Style.xcodeproj */;
			proxyType = 2;
			remoteGlobalIDString = BEF31F3A0F352DF5000DE5D2 /* libThree20Style.a */;
			remoteInfo = Three20Style;
		};
		3FB61FA4134C11CD004B9AA0 /* PBXContainerItemProxy */ = {
			isa = PBXContainerItemProxy;
			containerPortal = 3FB61F82134C11CD004B9AA0 /* Three20Style.xcodeproj */;
			proxyType = 2;
			remoteGlobalIDString = EB9E6C6210B6A8F800DE563C /* StyleUnitTests.octest */;
			remoteInfo = Three20StyleUnitTests;
		};
		3FB61FAA134C11CD004B9AA0 /* PBXContainerItemProxy */ = {
			isa = PBXContainerItemProxy;
			containerPortal = 3FB61F85134C11CD004B9AA0 /* Three20UICommon.xcodeproj */;
			proxyType = 2;
			remoteGlobalIDString = BEF31F3A0F352DF5000DE5D2 /* libThree20UICommon.a */;
			remoteInfo = Three20UICommon;
		};
		3FB61FAC134C11CD004B9AA0 /* PBXContainerItemProxy */ = {
			isa = PBXContainerItemProxy;
			containerPortal = 3FB61F85134C11CD004B9AA0 /* Three20UICommon.xcodeproj */;
			proxyType = 2;
			remoteGlobalIDString = EB9E6C6210B6A8F800DE563C /* UICommonUnitTests.octest */;
			remoteInfo = Three20UICommonUnitTests;
		};
		3FB61FB2134C11CD004B9AA0 /* PBXContainerItemProxy */ = {
			isa = PBXContainerItemProxy;
			containerPortal = 3FB61F88134C11CD004B9AA0 /* Three20UINavigator.xcodeproj */;
			proxyType = 2;
			remoteGlobalIDString = BEF31F3A0F352DF5000DE5D2 /* libThree20UINavigator.a */;
			remoteInfo = Three20UINavigator;
		};
		3FB61FB4134C11CD004B9AA0 /* PBXContainerItemProxy */ = {
			isa = PBXContainerItemProxy;
			containerPortal = 3FB61F88134C11CD004B9AA0 /* Three20UINavigator.xcodeproj */;
			proxyType = 2;
			remoteGlobalIDString = EB9E6C6210B6A8F800DE563C /* UINavigatorUnitTests.octest */;
			remoteInfo = Three20UINavigatorUnitTests;
		};
		3FB61FBA134C11CD004B9AA0 /* PBXContainerItemProxy */ = {
			isa = PBXContainerItemProxy;
			containerPortal = 3FB61F8B134C11CD004B9AA0 /* Three20UI.xcodeproj */;
			proxyType = 2;
			remoteGlobalIDString = BEF31F3A0F352DF5000DE5D2 /* libThree20UI.a */;
			remoteInfo = Three20UI;
		};
		3FB61FBC134C11CD004B9AA0 /* PBXContainerItemProxy */ = {
			isa = PBXContainerItemProxy;
			containerPortal = 3FB61F8B134C11CD004B9AA0 /* Three20UI.xcodeproj */;
			proxyType = 2;
			remoteGlobalIDString = EB9E6C6210B6A8F800DE563C /* UIUnitTests.octest */;
			remoteInfo = Three20UIUnitTests;
		};
		3FB61FCD134C1261004B9AA0 /* PBXContainerItemProxy */ = {
			isa = PBXContainerItemProxy;
			containerPortal = 3FB61F8B134C11CD004B9AA0 /* Three20UI.xcodeproj */;
			proxyType = 1;
			remoteGlobalIDString = BEF31F390F352DF5000DE5D2 /* Three20UI */;
			remoteInfo = Three20UI;
		};
		3FB61FCF134C1261004B9AA0 /* PBXContainerItemProxy */ = {
			isa = PBXContainerItemProxy;
			containerPortal = 3FB61F7F134C11CD004B9AA0 /* Three20Network.xcodeproj */;
			proxyType = 1;
			remoteGlobalIDString = BEF31F390F352DF5000DE5D2 /* Three20Network */;
			remoteInfo = Three20Network;
		};
		3FB61FD1134C1261004B9AA0 /* PBXContainerItemProxy */ = {
			isa = PBXContainerItemProxy;
			containerPortal = 3FB61F85134C11CD004B9AA0 /* Three20UICommon.xcodeproj */;
			proxyType = 1;
			remoteGlobalIDString = BEF31F390F352DF5000DE5D2 /* Three20UICommon */;
			remoteInfo = Three20UICommon;
		};
		3FB61FD3134C1261004B9AA0 /* PBXContainerItemProxy */ = {
			isa = PBXContainerItemProxy;
			containerPortal = 3FB61F88134C11CD004B9AA0 /* Three20UINavigator.xcodeproj */;
			proxyType = 1;
			remoteGlobalIDString = BEF31F390F352DF5000DE5D2 /* Three20UINavigator */;
			remoteInfo = Three20UINavigator;
		};
		3FB61FD5134C1261004B9AA0 /* PBXContainerItemProxy */ = {
			isa = PBXContainerItemProxy;
			containerPortal = 3FB61F7C134C11CD004B9AA0 /* Three20Core.xcodeproj */;
			proxyType = 1;
			remoteGlobalIDString = BEF31F390F352DF5000DE5D2 /* Three20Core */;
			remoteInfo = Three20Core;
		};
		3FB61FD7134C1261004B9AA0 /* PBXContainerItemProxy */ = {
			isa = PBXContainerItemProxy;
			containerPortal = 3FB61F82134C11CD004B9AA0 /* Three20Style.xcodeproj */;
			proxyType = 1;
			remoteGlobalIDString = BEF31F390F352DF5000DE5D2 /* Three20Style */;
			remoteInfo = Three20Style;
		};
		3FD96C4B131E320F007D5406 /* PBXContainerItemProxy */ = {
			isa = PBXContainerItemProxy;
			containerPortal = 3FD96C42131E320F007D5406 /* ObjectiveFlickr.xcodeproj */;
			proxyType = 2;
			remoteGlobalIDString = 6A8666490F9593B200325E1C;
			remoteInfo = "ObjectiveFlickr (framework)";
		};
		3FD96C4D131E320F007D5406 /* PBXContainerItemProxy */ = {
			isa = PBXContainerItemProxy;
			containerPortal = 3FD96C42131E320F007D5406 /* ObjectiveFlickr.xcodeproj */;
			proxyType = 2;
			remoteGlobalIDString = 6ABF72E60F939BE600B9179E;
			remoteInfo = "ObjectiveFlickr (library)";
		};
		3FD96C4F131E3264007D5406 /* PBXContainerItemProxy */ = {
			isa = PBXContainerItemProxy;
			containerPortal = 3FD96C42131E320F007D5406 /* ObjectiveFlickr.xcodeproj */;
			proxyType = 1;
			remoteGlobalIDString = 6ABF72E50F939BE600B9179E;
			remoteInfo = "ObjectiveFlickr (library)";
		};
/* End PBXContainerItemProxy section */

/* Begin PBXFileReference section */
		3F0D8890131DF28300734292 /* FlickrView.app */ = {isa = PBXFileReference; explicitFileType = wrapper.application; includeInIndex = 0; path = FlickrView.app; sourceTree = BUILT_PRODUCTS_DIR; };
		3F0D8894131DF28300734292 /* UIKit.framework */ = {isa = PBXFileReference; lastKnownFileType = wrapper.framework; name = UIKit.framework; path = System/Library/Frameworks/UIKit.framework; sourceTree = SDKROOT; };
		3F0D8896131DF28300734292 /* Foundation.framework */ = {isa = PBXFileReference; lastKnownFileType = wrapper.framework; name = Foundation.framework; path = System/Library/Frameworks/Foundation.framework; sourceTree = SDKROOT; };
		3F0D8898131DF28300734292 /* CoreGraphics.framework */ = {isa = PBXFileReference; lastKnownFileType = wrapper.framework; name = CoreGraphics.framework; path = System/Library/Frameworks/CoreGraphics.framework; sourceTree = SDKROOT; };
		3F0D889A131DF28300734292 /* CoreData.framework */ = {isa = PBXFileReference; lastKnownFileType = wrapper.framework; name = CoreData.framework; path = System/Library/Frameworks/CoreData.framework; sourceTree = SDKROOT; };
		3F0D889E131DF28300734292 /* FlickrView-Info.plist */ = {isa = PBXFileReference; lastKnownFileType = text.plist.xml; path = "FlickrView-Info.plist"; sourceTree = "<group>"; };
		3F0D88A0131DF28300734292 /* en */ = {isa = PBXFileReference; lastKnownFileType = text.plist.strings; name = en; path = en.lproj/InfoPlist.strings; sourceTree = "<group>"; };
		3F0D88A2131DF28300734292 /* FlickrView-Prefix.pch */ = {isa = PBXFileReference; lastKnownFileType = sourcecode.c.h; path = "FlickrView-Prefix.pch"; sourceTree = "<group>"; };
		3F0D88A3131DF28300734292 /* main.m */ = {isa = PBXFileReference; lastKnownFileType = sourcecode.c.objc; path = main.m; sourceTree = "<group>"; };
		3F0D88A5131DF28300734292 /* FlickrViewAppDelegate.h */ = {isa = PBXFileReference; lastKnownFileType = sourcecode.c.h; path = FlickrViewAppDelegate.h; sourceTree = "<group>"; };
		3F0D88A6131DF28300734292 /* FlickrViewAppDelegate.m */ = {isa = PBXFileReference; lastKnownFileType = sourcecode.c.objc; path = FlickrViewAppDelegate.m; sourceTree = "<group>"; };
		3F0D88AC131DF28400734292 /* FlickrViewAppDelegate_iPhone.h */ = {isa = PBXFileReference; lastKnownFileType = sourcecode.c.h; name = FlickrViewAppDelegate_iPhone.h; path = iPhone/FlickrViewAppDelegate_iPhone.h; sourceTree = "<group>"; };
		3F0D88AD131DF28400734292 /* FlickrViewAppDelegate_iPhone.m */ = {isa = PBXFileReference; lastKnownFileType = sourcecode.c.objc; name = FlickrViewAppDelegate_iPhone.m; path = iPhone/FlickrViewAppDelegate_iPhone.m; sourceTree = "<group>"; };
		3F0D88B0131DF28400734292 /* en */ = {isa = PBXFileReference; lastKnownFileType = file.xib; name = en; path = iPhone/en.lproj/MainWindow_iPhone.xib; sourceTree = "<group>"; };
		3F0D88B3131DF28400734292 /* FlickrViewAppDelegate_iPad.h */ = {isa = PBXFileReference; lastKnownFileType = sourcecode.c.h; name = FlickrViewAppDelegate_iPad.h; path = iPad/FlickrViewAppDelegate_iPad.h; sourceTree = "<group>"; };
		3F0D88B4131DF28400734292 /* FlickrViewAppDelegate_iPad.m */ = {isa = PBXFileReference; lastKnownFileType = sourcecode.c.objc; name = FlickrViewAppDelegate_iPad.m; path = iPad/FlickrViewAppDelegate_iPad.m; sourceTree = "<group>"; };
		3F0D88B7131DF28400734292 /* en */ = {isa = PBXFileReference; lastKnownFileType = file.xib; name = en; path = iPad/en.lproj/MainWindow_iPad.xib; sourceTree = "<group>"; };
		3F0D88BE131DF28400734292 /* FlickrViewTests.octest */ = {isa = PBXFileReference; explicitFileType = wrapper.cfbundle; includeInIndex = 0; path = FlickrViewTests.octest; sourceTree = BUILT_PRODUCTS_DIR; };
		3F0D88C7131DF28400734292 /* FlickrViewTests-Info.plist */ = {isa = PBXFileReference; lastKnownFileType = text.plist.xml; path = "FlickrViewTests-Info.plist"; sourceTree = "<group>"; };
		3F0D88C9131DF28400734292 /* en */ = {isa = PBXFileReference; lastKnownFileType = text.plist.strings; name = en; path = en.lproj/InfoPlist.strings; sourceTree = "<group>"; };
		3F0D88CB131DF28400734292 /* FlickrViewTests-Prefix.pch */ = {isa = PBXFileReference; lastKnownFileType = sourcecode.c.h; path = "FlickrViewTests-Prefix.pch"; sourceTree = "<group>"; };
		3F0D88CC131DF28400734292 /* FlickrViewTests.h */ = {isa = PBXFileReference; lastKnownFileType = sourcecode.c.h; path = FlickrViewTests.h; sourceTree = "<group>"; };
		3F0D88CE131DF28400734292 /* FlickrViewTests.m */ = {isa = PBXFileReference; lastKnownFileType = sourcecode.c.objc; path = FlickrViewTests.m; sourceTree = "<group>"; };
		3F0D88DF131DF5DA00734292 /* HomePageTableViewController.h */ = {isa = PBXFileReference; fileEncoding = 4; lastKnownFileType = sourcecode.c.h; path = HomePageTableViewController.h; sourceTree = "<group>"; };
		3F0D88E0131DF5DA00734292 /* HomePageTableViewController.m */ = {isa = PBXFileReference; fileEncoding = 4; lastKnownFileType = sourcecode.c.objc; path = HomePageTableViewController.m; sourceTree = "<group>"; };
		3F3FC6671332159C003016F3 /* URLModelResponse.h */ = {isa = PBXFileReference; fileEncoding = 4; lastKnownFileType = sourcecode.c.h; name = URLModelResponse.h; path = ../../../../../../Users/hdhiessu/Desktop/FinalAssignment/FlickrView/FlickrView/URLModelResponse.h; sourceTree = SDKROOT; };
		3F3FC6681332159C003016F3 /* URLModelResponse.m */ = {isa = PBXFileReference; fileEncoding = 4; lastKnownFileType = sourcecode.c.objc; name = URLModelResponse.m; path = ../../../../../../Users/hdhiessu/Desktop/FinalAssignment/FlickrView/FlickrView/URLModelResponse.m; sourceTree = SDKROOT; };
		3F3FC66A133215B3003016F3 /* SearchResult.h */ = {isa = PBXFileReference; fileEncoding = 4; lastKnownFileType = sourcecode.c.h; name = SearchResult.h; path = ../../../../../../Users/hdhiessu/Desktop/FinalAssignment/FlickrView/FlickrView/SearchResult.h; sourceTree = SDKROOT; };
		3F3FC66B133215B3003016F3 /* SearchResult.m */ = {isa = PBXFileReference; fileEncoding = 4; lastKnownFileType = sourcecode.c.objc; name = SearchResult.m; path = ../../../../../../Users/hdhiessu/Desktop/FinalAssignment/FlickrView/FlickrView/SearchResult.m; sourceTree = SDKROOT; };
		3F3FC66D133215C0003016F3 /* SearchResultsModel.h */ = {isa = PBXFileReference; fileEncoding = 4; lastKnownFileType = sourcecode.c.h; name = SearchResultsModel.h; path = ../../../../../../Users/hdhiessu/Desktop/FinalAssignment/FlickrView/FlickrView/SearchResultsModel.h; sourceTree = SDKROOT; };
		3F3FC66E133215E3003016F3 /* FlickrSearchResultsModel.h */ = {isa = PBXFileReference; fileEncoding = 4; lastKnownFileType = sourcecode.c.h; name = FlickrSearchResultsModel.h; path = ../../../../../../Users/hdhiessu/Desktop/FinalAssignment/FlickrView/FlickrView/FlickrSearchResultsModel.h; sourceTree = SDKROOT; };
		3F3FC66F133215E3003016F3 /* FlickrSearchResultsModel.m */ = {isa = PBXFileReference; fileEncoding = 4; lastKnownFileType = sourcecode.c.objc; name = FlickrSearchResultsModel.m; path = ../../../../../../Users/hdhiessu/Desktop/FinalAssignment/FlickrView/FlickrView/FlickrSearchResultsModel.m; sourceTree = SDKROOT; };
		3F3FC671133215EC003016F3 /* FlickrResponse.h */ = {isa = PBXFileReference; fileEncoding = 4; lastKnownFileType = sourcecode.c.h; name = FlickrResponse.h; path = ../../../../../../Users/hdhiessu/Desktop/FinalAssignment/FlickrView/FlickrView/FlickrResponse.h; sourceTree = SDKROOT; };
		3F3FC672133215EC003016F3 /* FlickrResponse.m */ = {isa = PBXFileReference; fileEncoding = 4; lastKnownFileType = sourcecode.c.objc; name = FlickrResponse.m; path = ../../../../../../Users/hdhiessu/Desktop/FinalAssignment/FlickrView/FlickrView/FlickrResponse.m; sourceTree = SDKROOT; };
		3F3FC67413321606003016F3 /* ForwardingAdapters.h */ = {isa = PBXFileReference; fileEncoding = 4; lastKnownFileType = sourcecode.c.h; name = ForwardingAdapters.h; path = ../../../../../../Users/hdhiessu/Desktop/FinalAssignment/FlickrView/FlickrView/ForwardingAdapters.h; sourceTree = SDKROOT; };
		3F3FC67513321606003016F3 /* ForwardingAdapters.m */ = {isa = PBXFileReference; fileEncoding = 4; lastKnownFileType = sourcecode.c.objc; name = ForwardingAdapters.m; path = ../../../../../../Users/hdhiessu/Desktop/FinalAssignment/FlickrView/FlickrView/ForwardingAdapters.m; sourceTree = SDKROOT; };
		3F3FC67713321629003016F3 /* SearchResultsPhotoSource.h */ = {isa = PBXFileReference; fileEncoding = 4; lastKnownFileType = sourcecode.c.h; name = SearchResultsPhotoSource.h; path = ../../../../../../Users/hdhiessu/Desktop/FinalAssignment/FlickrView/FlickrView/SearchResultsPhotoSource.h; sourceTree = SDKROOT; };
		3F3FC67813321629003016F3 /* SearchResultsPhotoSource.m */ = {isa = PBXFileReference; fileEncoding = 4; lastKnownFileType = sourcecode.c.objc; name = SearchResultsPhotoSource.m; path = ../../../../../../Users/hdhiessu/Desktop/FinalAssignment/FlickrView/FlickrView/SearchResultsPhotoSource.m; sourceTree = SDKROOT; };
		3F3FC67A13321638003016F3 /* SearchResultsTableDataSource.h */ = {isa = PBXFileReference; fileEncoding = 4; lastKnownFileType = sourcecode.c.h; name = SearchResultsTableDataSource.h; path = ../../../../../../Users/hdhiessu/Desktop/FinalAssignment/FlickrView/FlickrView/SearchResultsTableDataSource.h; sourceTree = SDKROOT; };
		3F3FC67B13321638003016F3 /* SearchResultsTableDataSource.m */ = {isa = PBXFileReference; fileEncoding = 4; lastKnownFileType = sourcecode.c.objc; name = SearchResultsTableDataSource.m; path = ../../../../../../Users/hdhiessu/Desktop/FinalAssignment/FlickrView/FlickrView/SearchResultsTableDataSource.m; sourceTree = SDKROOT; };
		3F3FC67C13321638003016F3 /* SearchTableViewController.h */ = {isa = PBXFileReference; fileEncoding = 4; lastKnownFileType = sourcecode.c.h; name = SearchTableViewController.h; path = ../../../../../../Users/hdhiessu/Desktop/FinalAssignment/FlickrView/FlickrView/SearchTableViewController.h; sourceTree = SDKROOT; };
		3F3FC67D13321638003016F3 /* SearchTableViewController.m */ = {isa = PBXFileReference; fileEncoding = 4; lastKnownFileType = sourcecode.c.objc; name = SearchTableViewController.m; path = ../../../../../../Users/hdhiessu/Desktop/FinalAssignment/FlickrView/FlickrView/SearchTableViewController.m; sourceTree = SDKROOT; };
		3FABF9C91342ED4700242322 /* SearchBarController.h */ = {isa = PBXFileReference; fileEncoding = 4; lastKnownFileType = sourcecode.c.h; path = SearchBarController.h; sourceTree = "<group>"; };
		3FABF9CA1342ED4700242322 /* SearchBarController.m */ = {isa = PBXFileReference; fileEncoding = 4; lastKnownFileType = sourcecode.c.objc; path = SearchBarController.m; sourceTree = "<group>"; };
		3FABFB9A13448C4A00242322 /* ContactsListTableViewController.h */ = {isa = PBXFileReference; fileEncoding = 4; lastKnownFileType = sourcecode.c.h; path = ContactsListTableViewController.h; sourceTree = "<group>"; };
		3FABFB9B13448C4A00242322 /* ContactsListTableViewController.m */ = {isa = PBXFileReference; fileEncoding = 4; lastKnownFileType = sourcecode.c.objc; path = ContactsListTableViewController.m; sourceTree = "<group>"; };
		3FABFBA213448D1900242322 /* ContactsListDataSource.h */ = {isa = PBXFileReference; fileEncoding = 4; lastKnownFileType = sourcecode.c.h; path = ContactsListDataSource.h; sourceTree = "<group>"; };
		3FABFBA313448D1900242322 /* ContactsListDataSource.m */ = {isa = PBXFileReference; fileEncoding = 4; lastKnownFileType = sourcecode.c.objc; path = ContactsListDataSource.m; sourceTree = "<group>"; };
		3FB61C73134BEF8B004B9AA0 /* SystemConfiguration.framework */ = {isa = PBXFileReference; lastKnownFileType = wrapper.framework; name = SystemConfiguration.framework; path = System/Library/Frameworks/SystemConfiguration.framework; sourceTree = SDKROOT; };
		3FB61F47134C11AA004B9AA0 /* Three20.xcodeproj */ = {isa = PBXFileReference; lastKnownFileType = "wrapper.pb-project"; name = Three20.xcodeproj; path = three20/src/Three20/Three20.xcodeproj; sourceTree = SOURCE_ROOT; };
		3FB61F7C134C11CD004B9AA0 /* Three20Core.xcodeproj */ = {isa = PBXFileReference; lastKnownFileType = "wrapper.pb-project"; name = Three20Core.xcodeproj; path = three20/src/Three20Core/Three20Core.xcodeproj; sourceTree = SOURCE_ROOT; };
		3FB61F7F134C11CD004B9AA0 /* Three20Network.xcodeproj */ = {isa = PBXFileReference; lastKnownFileType = "wrapper.pb-project"; name = Three20Network.xcodeproj; path = three20/src/Three20Network/Three20Network.xcodeproj; sourceTree = SOURCE_ROOT; };
		3FB61F82134C11CD004B9AA0 /* Three20Style.xcodeproj */ = {isa = PBXFileReference; lastKnownFileType = "wrapper.pb-project"; name = Three20Style.xcodeproj; path = three20/src/Three20Style/Three20Style.xcodeproj; sourceTree = SOURCE_ROOT; };
		3FB61F85134C11CD004B9AA0 /* Three20UICommon.xcodeproj */ = {isa = PBXFileReference; lastKnownFileType = "wrapper.pb-project"; name = Three20UICommon.xcodeproj; path = three20/src/Three20UICommon/Three20UICommon.xcodeproj; sourceTree = SOURCE_ROOT; };
		3FB61F88134C11CD004B9AA0 /* Three20UINavigator.xcodeproj */ = {isa = PBXFileReference; lastKnownFileType = "wrapper.pb-project"; name = Three20UINavigator.xcodeproj; path = three20/src/Three20UINavigator/Three20UINavigator.xcodeproj; sourceTree = SOURCE_ROOT; };
		3FB61F8B134C11CD004B9AA0 /* Three20UI.xcodeproj */ = {isa = PBXFileReference; lastKnownFileType = "wrapper.pb-project"; name = Three20UI.xcodeproj; path = three20/src/Three20UI/Three20UI.xcodeproj; sourceTree = SOURCE_ROOT; };
		3FB61FD9134C129A004B9AA0 /* Three20.bundle */ = {isa = PBXFileReference; lastKnownFileType = "wrapper.plug-in"; name = Three20.bundle; path = three20/src/Three20.bundle; sourceTree = SOURCE_ROOT; };
		3FB9CC16131F39A5002F46C4 /* PhotoSpotsListTableViewController.h */ = {isa = PBXFileReference; fileEncoding = 4; lastKnownFileType = sourcecode.c.h; path = PhotoSpotsListTableViewController.h; sourceTree = "<group>"; };
		3FB9CC17131F39A5002F46C4 /* PhotoSpotsListTableViewController.m */ = {isa = PBXFileReference; fileEncoding = 4; lastKnownFileType = sourcecode.c.objc; path = PhotoSpotsListTableViewController.m; sourceTree = "<group>"; };
		3FB9CC1D131F3A82002F46C4 /* Placeholder.png */ = {isa = PBXFileReference; lastKnownFileType = image.png; path = Placeholder.png; sourceTree = "<group>"; };
		3FB9CC1E131F3A82002F46C4 /* all.png */ = {isa = PBXFileReference; lastKnownFileType = image.png; path = all.png; sourceTree = "<group>"; };
		3FB9CC1F131F3A82002F46C4 /* faves.png */ = {isa = PBXFileReference; lastKnownFileType = image.png; path = faves.png; sourceTree = "<group>"; };
		3FB9CC20131F3A82002F46C4 /* search.png */ = {isa = PBXFileReference; lastKnownFileType = image.png; path = search.png; sourceTree = "<group>"; };
		3FB9CC21131F3A82002F46C4 /* star_empty.png */ = {isa = PBXFileReference; lastKnownFileType = image.png; path = star_empty.png; sourceTree = "<group>"; };
		3FB9CC22131F3A82002F46C4 /* star_full.png */ = {isa = PBXFileReference; lastKnownFileType = image.png; path = star_full.png; sourceTree = "<group>"; };
		3FB9CD44131F902D002F46C4 /* FlickrFetcher.h */ = {isa = PBXFileReference; fileEncoding = 4; lastKnownFileType = sourcecode.c.h; path = FlickrFetcher.h; sourceTree = "<group>"; };
		3FB9CD45131F902D002F46C4 /* FlickrFetcher.m */ = {isa = PBXFileReference; fileEncoding = 4; lastKnownFileType = sourcecode.c.objc; path = FlickrFetcher.m; sourceTree = "<group>"; };
		3FB9CD46131F902E002F46C4 /* CoreDataTableViewController.h */ = {isa = PBXFileReference; fileEncoding = 4; lastKnownFileType = sourcecode.c.h; path = CoreDataTableViewController.h; sourceTree = "<group>"; };
		3FB9CD47131F902E002F46C4 /* CoreDataTableViewController.m */ = {isa = PBXFileReference; fileEncoding = 4; lastKnownFileType = sourcecode.c.objc; path = CoreDataTableViewController.m; sourceTree = "<group>"; };
		3FB9CD4A131F908B002F46C4 /* FlickrView.xcdatamodel */ = {isa = PBXFileReference; fileEncoding = 4; lastKnownFileType = wrapper.xcdatamodel; path = FlickrView.xcdatamodel; sourceTree = "<group>"; };
		3FB9CD4F131F91C9002F46C4 /* JSON.h */ = {isa = PBXFileReference; fileEncoding = 4; lastKnownFileType = sourcecode.c.h; path = JSON.h; sourceTree = "<group>"; };
		3FB9CD50131F91C9002F46C4 /* NSObject+SBJSON.h */ = {isa = PBXFileReference; fileEncoding = 4; lastKnownFileType = sourcecode.c.h; path = "NSObject+SBJSON.h"; sourceTree = "<group>"; };
		3FB9CD51131F91C9002F46C4 /* NSObject+SBJSON.m */ = {isa = PBXFileReference; fileEncoding = 4; lastKnownFileType = sourcecode.c.objc; path = "NSObject+SBJSON.m"; sourceTree = "<group>"; };
		3FB9CD52131F91C9002F46C4 /* NSString+SBJSON.h */ = {isa = PBXFileReference; fileEncoding = 4; lastKnownFileType = sourcecode.c.h; path = "NSString+SBJSON.h"; sourceTree = "<group>"; };
		3FB9CD53131F91C9002F46C4 /* NSString+SBJSON.m */ = {isa = PBXFileReference; fileEncoding = 4; lastKnownFileType = sourcecode.c.objc; path = "NSString+SBJSON.m"; sourceTree = "<group>"; };
		3FB9CD54131F91C9002F46C4 /* SBJSON.h */ = {isa = PBXFileReference; fileEncoding = 4; lastKnownFileType = sourcecode.c.h; path = SBJSON.h; sourceTree = "<group>"; };
		3FB9CD55131F91C9002F46C4 /* SBJSON.m */ = {isa = PBXFileReference; fileEncoding = 4; lastKnownFileType = sourcecode.c.objc; path = SBJSON.m; sourceTree = "<group>"; };
		3FB9CD56131F91C9002F46C4 /* SBJsonBase.h */ = {isa = PBXFileReference; fileEncoding = 4; lastKnownFileType = sourcecode.c.h; path = SBJsonBase.h; sourceTree = "<group>"; };
		3FB9CD57131F91C9002F46C4 /* SBJsonBase.m */ = {isa = PBXFileReference; fileEncoding = 4; lastKnownFileType = sourcecode.c.objc; path = SBJsonBase.m; sourceTree = "<group>"; };
		3FB9CD58131F91C9002F46C4 /* SBJsonParser.h */ = {isa = PBXFileReference; fileEncoding = 4; lastKnownFileType = sourcecode.c.h; path = SBJsonParser.h; sourceTree = "<group>"; };
		3FB9CD59131F91C9002F46C4 /* SBJsonParser.m */ = {isa = PBXFileReference; fileEncoding = 4; lastKnownFileType = sourcecode.c.objc; path = SBJsonParser.m; sourceTree = "<group>"; };
		3FB9CD5A131F91C9002F46C4 /* SBJsonWriter.h */ = {isa = PBXFileReference; fileEncoding = 4; lastKnownFileType = sourcecode.c.h; path = SBJsonWriter.h; sourceTree = "<group>"; };
		3FB9CD5B131F91C9002F46C4 /* SBJsonWriter.m */ = {isa = PBXFileReference; fileEncoding = 4; lastKnownFileType = sourcecode.c.objc; path = SBJsonWriter.m; sourceTree = "<group>"; };
		3FB9CDE5131F9272002F46C4 /* MapKit.framework */ = {isa = PBXFileReference; lastKnownFileType = wrapper.framework; name = MapKit.framework; path = System/Library/Frameworks/MapKit.framework; sourceTree = SDKROOT; };
		3FB9CE14131F965E002F46C4 /* TopPlaceTableViewController.h */ = {isa = PBXFileReference; fileEncoding = 4; lastKnownFileType = sourcecode.c.h; path = TopPlaceTableViewController.h; sourceTree = "<group>"; };
		3FB9CE15131F965E002F46C4 /* TopPlaceTableViewController.m */ = {isa = PBXFileReference; fileEncoding = 4; lastKnownFileType = sourcecode.c.objc; path = TopPlaceTableViewController.m; sourceTree = "<group>"; };
		3FB9CE58131F9FB6002F46C4 /* SnapAndRunViewController.h */ = {isa = PBXFileReference; fileEncoding = 4; lastKnownFileType = sourcecode.c.h; path = SnapAndRunViewController.h; sourceTree = "<group>"; };
		3FB9CE59131F9FB6002F46C4 /* SnapAndRunViewController.m */ = {isa = PBXFileReference; fileEncoding = 4; lastKnownFileType = sourcecode.c.objc; path = SnapAndRunViewController.m; sourceTree = "<group>"; };
		3FB9CE5A131F9FB6002F46C4 /* SnapAndRunViewController.xib */ = {isa = PBXFileReference; lastKnownFileType = file.xib; path = SnapAndRunViewController.xib; sourceTree = "<group>"; };
		3FB9CEA8132089B2002F46C4 /* UserPhotosTableViewController.h */ = {isa = PBXFileReference; fileEncoding = 4; lastKnownFileType = sourcecode.c.h; path = UserPhotosTableViewController.h; sourceTree = "<group>"; };
		3FB9CEA9132089B2002F46C4 /* UserPhotosTableViewController.m */ = {isa = PBXFileReference; fileEncoding = 4; lastKnownFileType = sourcecode.c.objc; path = UserPhotosTableViewController.m; sourceTree = "<group>"; };
		3FB9CFB91320E781002F46C4 /* UserTableViewController.h */ = {isa = PBXFileReference; fileEncoding = 4; lastKnownFileType = sourcecode.c.h; path = UserTableViewController.h; sourceTree = "<group>"; };
		3FB9CFBA1320E781002F46C4 /* UserTableViewController.m */ = {isa = PBXFileReference; fileEncoding = 4; lastKnownFileType = sourcecode.c.objc; path = UserTableViewController.m; sourceTree = "<group>"; };
		3FB9D00B1320EF1E002F46C4 /* UserContactsTableViewController.h */ = {isa = PBXFileReference; fileEncoding = 4; lastKnownFileType = sourcecode.c.h; path = UserContactsTableViewController.h; sourceTree = "<group>"; };
		3FB9D00C1320EF1E002F46C4 /* UserContactsTableViewController.m */ = {isa = PBXFileReference; fileEncoding = 4; lastKnownFileType = sourcecode.c.objc; path = UserContactsTableViewController.m; sourceTree = "<group>"; };
		3FB9D07C1321CE94002F46C4 /* QuartzCore.framework */ = {isa = PBXFileReference; lastKnownFileType = wrapper.framework; name = QuartzCore.framework; path = /System/Library/Frameworks/QuartzCore.framework; sourceTree = "<absolute>"; };
		3FC3018E1339EB460009E01F /* FillPhotoInfoViewController.h */ = {isa = PBXFileReference; fileEncoding = 4; lastKnownFileType = sourcecode.c.h; path = FillPhotoInfoViewController.h; sourceTree = "<group>"; };
		3FC3018F1339EB460009E01F /* FillPhotoInfoViewController.m */ = {isa = PBXFileReference; fileEncoding = 4; lastKnownFileType = sourcecode.c.objc; path = FillPhotoInfoViewController.m; sourceTree = "<group>"; };
		3FD96C42131E320F007D5406 /* ObjectiveFlickr.xcodeproj */ = {isa = PBXFileReference; lastKnownFileType = "wrapper.pb-project"; name = ObjectiveFlickr.xcodeproj; path = objectiveflickr/ObjectiveFlickr.xcodeproj; sourceTree = "<group>"; };
		3FD96C51131E3276007D5406 /* CFNetwork.framework */ = {isa = PBXFileReference; lastKnownFileType = wrapper.framework; name = CFNetwork.framework; path = System/Library/Frameworks/CFNetwork.framework; sourceTree = SDKROOT; };
		3FD96D25131E5983007D5406 /* FlickrAPIKey.h */ = {isa = PBXFileReference; fileEncoding = 4; lastKnownFileType = sourcecode.c.h; path = FlickrAPIKey.h; sourceTree = "<group>"; };
/* End PBXFileReference section */

/* Begin PBXFrameworksBuildPhase section */
		3F0D888D131DF28300734292 /* Frameworks */ = {
			isa = PBXFrameworksBuildPhase;
			buildActionMask = 2147483647;
			files = (
				3FD96C62131E3289007D5406 /* libObjectiveFlickr.a in Frameworks */,
				3F0D8895131DF28300734292 /* UIKit.framework in Frameworks */,
				3F0D8897131DF28300734292 /* Foundation.framework in Frameworks */,
				3F0D8899131DF28300734292 /* CoreGraphics.framework in Frameworks */,
				3F0D889B131DF28300734292 /* CoreData.framework in Frameworks */,
				3FD96C52131E3276007D5406 /* CFNetwork.framework in Frameworks */,
				3FB9CDE6131F9272002F46C4 /* MapKit.framework in Frameworks */,
				3FB9D07D1321CE94002F46C4 /* QuartzCore.framework in Frameworks */,
				3FB61C74134BEF8B004B9AA0 /* SystemConfiguration.framework in Frameworks */,
				3FB61FC6134C1203004B9AA0 /* libThree20Core.a in Frameworks */,
				3FB61FC7134C1207004B9AA0 /* libThree20Network.a in Frameworks */,
				3FB61FC8134C120C004B9AA0 /* libThree20Style.a in Frameworks */,
				3FB61FC9134C120F004B9AA0 /* libThree20UICommon.a in Frameworks */,
				3FB61FCA134C1213004B9AA0 /* libThree20UINavigator.a in Frameworks */,
				3FB61FCB134C1215004B9AA0 /* libThree20UI.a in Frameworks */,
				3FB61FCC134C121B004B9AA0 /* libThree20.a in Frameworks */,
			);
			runOnlyForDeploymentPostprocessing = 0;
		};
		3F0D88BA131DF28400734292 /* Frameworks */ = {
			isa = PBXFrameworksBuildPhase;
			buildActionMask = 2147483647;
			files = (
				3F0D88BF131DF28400734292 /* UIKit.framework in Frameworks */,
				3F0D88C0131DF28400734292 /* Foundation.framework in Frameworks */,
				3F0D88C1131DF28400734292 /* CoreGraphics.framework in Frameworks */,
				3F0D88C2131DF28400734292 /* CoreData.framework in Frameworks */,
			);
			runOnlyForDeploymentPostprocessing = 0;
		};
/* End PBXFrameworksBuildPhase section */

/* Begin PBXGroup section */
		3F0D8885131DF28300734292 = {
			isa = PBXGroup;
			children = (
				3FB9CC1B131F3A5D002F46C4 /* Resources */,
				3F0D889C131DF28300734292 /* FlickrView */,
				3F0D88C5131DF28400734292 /* FlickrViewTests */,
				3F0D8893131DF28300734292 /* Frameworks */,
				3F0D8891131DF28300734292 /* Products */,
			);
			sourceTree = "<group>";
		};
		3F0D8891131DF28300734292 /* Products */ = {
			isa = PBXGroup;
			children = (
				3F0D8890131DF28300734292 /* FlickrView.app */,
				3F0D88BE131DF28400734292 /* FlickrViewTests.octest */,
			);
			name = Products;
			sourceTree = "<group>";
		};
		3F0D8893131DF28300734292 /* Frameworks */ = {
			isa = PBXGroup;
			children = (
				3FD96C42131E320F007D5406 /* ObjectiveFlickr.xcodeproj */,
				3FB61F7C134C11CD004B9AA0 /* Three20Core.xcodeproj */,
				3FB61F7F134C11CD004B9AA0 /* Three20Network.xcodeproj */,
				3FB61F82134C11CD004B9AA0 /* Three20Style.xcodeproj */,
				3FB61F85134C11CD004B9AA0 /* Three20UICommon.xcodeproj */,
				3FB61F88134C11CD004B9AA0 /* Three20UINavigator.xcodeproj */,
				3FB61F8B134C11CD004B9AA0 /* Three20UI.xcodeproj */,
				3FB61F47134C11AA004B9AA0 /* Three20.xcodeproj */,
				3F0D8894131DF28300734292 /* UIKit.framework */,
				3F0D8896131DF28300734292 /* Foundation.framework */,
				3F0D8898131DF28300734292 /* CoreGraphics.framework */,
				3F0D889A131DF28300734292 /* CoreData.framework */,
				3FB9CDE5131F9272002F46C4 /* MapKit.framework */,
				3FD96C51131E3276007D5406 /* CFNetwork.framework */,
				3FB9D07C1321CE94002F46C4 /* QuartzCore.framework */,
				3FB61C73134BEF8B004B9AA0 /* SystemConfiguration.framework */,
			);
			name = Frameworks;
			sourceTree = "<group>";
		};
		3F0D889C131DF28300734292 /* FlickrView */ = {
			isa = PBXGroup;
			children = (
				3FD96D25131E5983007D5406 /* FlickrAPIKey.h */,
				3F3FC65F1332148E003016F3 /* TTRemote */,
				3FB9CD4E131F91C9002F46C4 /* JSON */,
				3FB9CD43131F9016002F46C4 /* Helper */,
				3F0D88DE131DF32000734292 /* Class */,
				3F0D889D131DF28300734292 /* Supporting Files */,
			);
			path = FlickrView;
			sourceTree = "<group>";
		};
		3F0D889D131DF28300734292 /* Supporting Files */ = {
			isa = PBXGroup;
			children = (
				3F0D889E131DF28300734292 /* FlickrView-Info.plist */,
				3F0D889F131DF28300734292 /* InfoPlist.strings */,
				3F0D88A2131DF28300734292 /* FlickrView-Prefix.pch */,
				3F0D88A3131DF28300734292 /* main.m */,
			);
			name = "Supporting Files";
			sourceTree = "<group>";
		};
		3F0D88AB131DF28400734292 /* iPhone */ = {
			isa = PBXGroup;
			children = (
				3F0D88AC131DF28400734292 /* FlickrViewAppDelegate_iPhone.h */,
				3F0D88AD131DF28400734292 /* FlickrViewAppDelegate_iPhone.m */,
				3F0D88AF131DF28400734292 /* MainWindow_iPhone.xib */,
			);
			name = iPhone;
			sourceTree = "<group>";
		};
		3F0D88B2131DF28400734292 /* iPad */ = {
			isa = PBXGroup;
			children = (
				3F0D88B3131DF28400734292 /* FlickrViewAppDelegate_iPad.h */,
				3F0D88B4131DF28400734292 /* FlickrViewAppDelegate_iPad.m */,
				3F0D88B6131DF28400734292 /* MainWindow_iPad.xib */,
			);
			name = iPad;
			sourceTree = "<group>";
		};
		3F0D88C5131DF28400734292 /* FlickrViewTests */ = {
			isa = PBXGroup;
			children = (
				3F0D88CC131DF28400734292 /* FlickrViewTests.h */,
				3F0D88CE131DF28400734292 /* FlickrViewTests.m */,
				3F0D88C6131DF28400734292 /* Supporting Files */,
			);
			path = FlickrViewTests;
			sourceTree = "<group>";
		};
		3F0D88C6131DF28400734292 /* Supporting Files */ = {
			isa = PBXGroup;
			children = (
				3F0D88C7131DF28400734292 /* FlickrViewTests-Info.plist */,
				3F0D88C8131DF28400734292 /* InfoPlist.strings */,
				3F0D88CB131DF28400734292 /* FlickrViewTests-Prefix.pch */,
			);
			name = "Supporting Files";
			sourceTree = "<group>";
		};
		3F0D88DE131DF32000734292 /* Class */ = {
			isa = PBXGroup;
			children = (
				3F0D88A5131DF28300734292 /* FlickrViewAppDelegate.h */,
				3F0D88A6131DF28300734292 /* FlickrViewAppDelegate.m */,
				3F0D88A8131DF28300734292 /* FlickrView.xcdatamodeld */,
				3FB9CE14131F965E002F46C4 /* TopPlaceTableViewController.h */,
				3FB9CE15131F965E002F46C4 /* TopPlaceTableViewController.m */,
				3F0D88DF131DF5DA00734292 /* HomePageTableViewController.h */,
				3F0D88E0131DF5DA00734292 /* HomePageTableViewController.m */,
				3FB9CC16131F39A5002F46C4 /* PhotoSpotsListTableViewController.h */,
				3FB9CC17131F39A5002F46C4 /* PhotoSpotsListTableViewController.m */,
				3FB9CE58131F9FB6002F46C4 /* SnapAndRunViewController.h */,
				3FB9CE59131F9FB6002F46C4 /* SnapAndRunViewController.m */,
				3FB9CE5A131F9FB6002F46C4 /* SnapAndRunViewController.xib */,
				3FB9CFB91320E781002F46C4 /* UserTableViewController.h */,
				3FB9CFBA1320E781002F46C4 /* UserTableViewController.m */,
				3FB9CEA8132089B2002F46C4 /* UserPhotosTableViewController.h */,
				3FB9CEA9132089B2002F46C4 /* UserPhotosTableViewController.m */,
				3FB9D00B1320EF1E002F46C4 /* UserContactsTableViewController.h */,
				3FB9D00C1320EF1E002F46C4 /* UserContactsTableViewController.m */,
				3FC3018E1339EB460009E01F /* FillPhotoInfoViewController.h */,
				3FC3018F1339EB460009E01F /* FillPhotoInfoViewController.m */,
				3FABF9C91342ED4700242322 /* SearchBarController.h */,
				3FABF9CA1342ED4700242322 /* SearchBarController.m */,
				3FABFB9A13448C4A00242322 /* ContactsListTableViewController.h */,
				3FABFB9B13448C4A00242322 /* ContactsListTableViewController.m */,
				3FABFBA213448D1900242322 /* ContactsListDataSource.h */,
				3FABFBA313448D1900242322 /* ContactsListDataSource.m */,
				3F0D88AB131DF28400734292 /* iPhone */,
				3F0D88B2131DF28400734292 /* iPad */,
			);
			name = Class;
			sourceTree = "<group>";
		};
		3F3FC65F1332148E003016F3 /* TTRemote */ = {
			isa = PBXGroup;
			children = (
				3F3FC67A13321638003016F3 /* SearchResultsTableDataSource.h */,
				3F3FC67B13321638003016F3 /* SearchResultsTableDataSource.m */,
				3F3FC67C13321638003016F3 /* SearchTableViewController.h */,
				3F3FC67D13321638003016F3 /* SearchTableViewController.m */,
				3F3FC67713321629003016F3 /* SearchResultsPhotoSource.h */,
				3F3FC67813321629003016F3 /* SearchResultsPhotoSource.m */,
				3F3FC67413321606003016F3 /* ForwardingAdapters.h */,
				3F3FC67513321606003016F3 /* ForwardingAdapters.m */,
				3F3FC671133215EC003016F3 /* FlickrResponse.h */,
				3F3FC672133215EC003016F3 /* FlickrResponse.m */,
				3F3FC66E133215E3003016F3 /* FlickrSearchResultsModel.h */,
				3F3FC66F133215E3003016F3 /* FlickrSearchResultsModel.m */,
				3F3FC66D133215C0003016F3 /* SearchResultsModel.h */,
				3F3FC66A133215B3003016F3 /* SearchResult.h */,
				3F3FC66B133215B3003016F3 /* SearchResult.m */,
				3F3FC6671332159C003016F3 /* URLModelResponse.h */,
				3F3FC6681332159C003016F3 /* URLModelResponse.m */,
			);
			name = TTRemote;
			sourceTree = "<group>";
		};
		3FB61F70134C11AB004B9AA0 /* Products */ = {
			isa = PBXGroup;
			children = (
				3FB61F75134C11AB004B9AA0 /* libThree20.a */,
				3FB61F77134C11AB004B9AA0 /* Three20UnitTests.octest */,
			);
			name = Products;
			sourceTree = "<group>";
		};
		3FB61F8E134C11CD004B9AA0 /* Products */ = {
			isa = PBXGroup;
			children = (
				3FB61F93134C11CD004B9AA0 /* libThree20Core.a */,
				3FB61F95134C11CD004B9AA0 /* CoreUnitTests.octest */,
			);
			name = Products;
			sourceTree = "<group>";
		};
		3FB61F96134C11CD004B9AA0 /* Products */ = {
			isa = PBXGroup;
			children = (
				3FB61F9B134C11CD004B9AA0 /* libThree20Network.a */,
				3FB61F9D134C11CD004B9AA0 /* NetworkUnitTests.octest */,
			);
			name = Products;
			sourceTree = "<group>";
		};
		3FB61F9E134C11CD004B9AA0 /* Products */ = {
			isa = PBXGroup;
			children = (
				3FB61FA3134C11CD004B9AA0 /* libThree20Style.a */,
				3FB61FA5134C11CD004B9AA0 /* StyleUnitTests.octest */,
			);
			name = Products;
			sourceTree = "<group>";
		};
		3FB61FA6134C11CD004B9AA0 /* Products */ = {
			isa = PBXGroup;
			children = (
				3FB61FAB134C11CD004B9AA0 /* libThree20UICommon.a */,
				3FB61FAD134C11CD004B9AA0 /* UICommonUnitTests.octest */,
			);
			name = Products;
			sourceTree = "<group>";
		};
		3FB61FAE134C11CD004B9AA0 /* Products */ = {
			isa = PBXGroup;
			children = (
				3FB61FB3134C11CD004B9AA0 /* libThree20UINavigator.a */,
				3FB61FB5134C11CD004B9AA0 /* UINavigatorUnitTests.octest */,
			);
			name = Products;
			sourceTree = "<group>";
		};
		3FB61FB6134C11CD004B9AA0 /* Products */ = {
			isa = PBXGroup;
			children = (
				3FB61FBB134C11CD004B9AA0 /* libThree20UI.a */,
				3FB61FBD134C11CD004B9AA0 /* UIUnitTests.octest */,
			);
			name = Products;
			sourceTree = "<group>";
		};
		3FB9CC1B131F3A5D002F46C4 /* Resources */ = {
			isa = PBXGroup;
			children = (
				3FB61FD9134C129A004B9AA0 /* Three20.bundle */,
				3FB9CC1C131F3A6C002F46C4 /* image */,
			);
			name = Resources;
			sourceTree = "<group>";
		};
		3FB9CC1C131F3A6C002F46C4 /* image */ = {
			isa = PBXGroup;
			children = (
				3FB9CC1D131F3A82002F46C4 /* Placeholder.png */,
				3FB9CC1E131F3A82002F46C4 /* all.png */,
				3FB9CC1F131F3A82002F46C4 /* faves.png */,
				3FB9CC20131F3A82002F46C4 /* search.png */,
				3FB9CC21131F3A82002F46C4 /* star_empty.png */,
				3FB9CC22131F3A82002F46C4 /* star_full.png */,
			);
			name = image;
			sourceTree = "<group>";
		};
		3FB9CD43131F9016002F46C4 /* Helper */ = {
			isa = PBXGroup;
			children = (
				3FB9CD44131F902D002F46C4 /* FlickrFetcher.h */,
				3FB9CD45131F902D002F46C4 /* FlickrFetcher.m */,
				3FB9CD46131F902E002F46C4 /* CoreDataTableViewController.h */,
				3FB9CD47131F902E002F46C4 /* CoreDataTableViewController.m */,
			);
			name = Helper;
			sourceTree = "<group>";
		};
		3FB9CD4E131F91C9002F46C4 /* JSON */ = {
			isa = PBXGroup;
			children = (
				3FB9CD4F131F91C9002F46C4 /* JSON.h */,
				3FB9CD50131F91C9002F46C4 /* NSObject+SBJSON.h */,
				3FB9CD51131F91C9002F46C4 /* NSObject+SBJSON.m */,
				3FB9CD52131F91C9002F46C4 /* NSString+SBJSON.h */,
				3FB9CD53131F91C9002F46C4 /* NSString+SBJSON.m */,
				3FB9CD54131F91C9002F46C4 /* SBJSON.h */,
				3FB9CD55131F91C9002F46C4 /* SBJSON.m */,
				3FB9CD56131F91C9002F46C4 /* SBJsonBase.h */,
				3FB9CD57131F91C9002F46C4 /* SBJsonBase.m */,
				3FB9CD58131F91C9002F46C4 /* SBJsonParser.h */,
				3FB9CD59131F91C9002F46C4 /* SBJsonParser.m */,
				3FB9CD5A131F91C9002F46C4 /* SBJsonWriter.h */,
				3FB9CD5B131F91C9002F46C4 /* SBJsonWriter.m */,
			);
			path = JSON;
			sourceTree = "<group>";
		};
		3FD96C43131E320F007D5406 /* Products */ = {
			isa = PBXGroup;
			children = (
				3FD96C4C131E320F007D5406 /* ObjectiveFlickr.framework */,
				3FD96C4E131E320F007D5406 /* libObjectiveFlickr.a */,
			);
			name = Products;
			sourceTree = "<group>";
		};
/* End PBXGroup section */

/* Begin PBXNativeTarget section */
		3F0D888F131DF28300734292 /* FlickrView */ = {
			isa = PBXNativeTarget;
			buildConfigurationList = 3F0D88D2131DF28400734292 /* Build configuration list for PBXNativeTarget "FlickrView" */;
			buildPhases = (
				3F0D888C131DF28300734292 /* Sources */,
				3F0D888D131DF28300734292 /* Frameworks */,
				3F0D888E131DF28300734292 /* Resources */,
			);
			buildRules = (
			);
			dependencies = (
				3FD96C50131E3264007D5406 /* PBXTargetDependency */,
				3FB61FCE134C1261004B9AA0 /* PBXTargetDependency */,
				3FB61FD0134C1261004B9AA0 /* PBXTargetDependency */,
				3FB61FD2134C1261004B9AA0 /* PBXTargetDependency */,
				3FB61FD4134C1261004B9AA0 /* PBXTargetDependency */,
				3FB61FD6134C1261004B9AA0 /* PBXTargetDependency */,
				3FB61FD8134C1261004B9AA0 /* PBXTargetDependency */,
			);
			name = FlickrView;
			productName = FlickrView;
			productReference = 3F0D8890131DF28300734292 /* FlickrView.app */;
			productType = "com.apple.product-type.application";
		};
		3F0D88BD131DF28400734292 /* FlickrViewTests */ = {
			isa = PBXNativeTarget;
			buildConfigurationList = 3F0D88D5131DF28400734292 /* Build configuration list for PBXNativeTarget "FlickrViewTests" */;
			buildPhases = (
				3F0D88B9131DF28400734292 /* Sources */,
				3F0D88BA131DF28400734292 /* Frameworks */,
				3F0D88BB131DF28400734292 /* Resources */,
				3F0D88BC131DF28400734292 /* ShellScript */,
			);
			buildRules = (
			);
			dependencies = (
				3F0D88C4131DF28400734292 /* PBXTargetDependency */,
			);
			name = FlickrViewTests;
			productName = FlickrViewTests;
			productReference = 3F0D88BE131DF28400734292 /* FlickrViewTests.octest */;
			productType = "com.apple.product-type.bundle";
		};
/* End PBXNativeTarget section */

/* Begin PBXProject section */
		3F0D8887131DF28300734292 /* Project object */ = {
			isa = PBXProject;
			buildConfigurationList = 3F0D888A131DF28300734292 /* Build configuration list for PBXProject "FlickrView" */;
			compatibilityVersion = "Xcode 3.2";
			developmentRegion = English;
			hasScannedForEncodings = 0;
			knownRegions = (
				en,
			);
			mainGroup = 3F0D8885131DF28300734292;
			productRefGroup = 3F0D8891131DF28300734292 /* Products */;
			projectDirPath = "";
			projectReferences = (
				{
					ProductGroup = 3FD96C43131E320F007D5406 /* Products */;
					ProjectRef = 3FD96C42131E320F007D5406 /* ObjectiveFlickr.xcodeproj */;
				},
				{
					ProductGroup = 3FB61F70134C11AB004B9AA0 /* Products */;
					ProjectRef = 3FB61F47134C11AA004B9AA0 /* Three20.xcodeproj */;
				},
				{
					ProductGroup = 3FB61F8E134C11CD004B9AA0 /* Products */;
					ProjectRef = 3FB61F7C134C11CD004B9AA0 /* Three20Core.xcodeproj */;
				},
				{
					ProductGroup = 3FB61F96134C11CD004B9AA0 /* Products */;
					ProjectRef = 3FB61F7F134C11CD004B9AA0 /* Three20Network.xcodeproj */;
				},
				{
					ProductGroup = 3FB61F9E134C11CD004B9AA0 /* Products */;
					ProjectRef = 3FB61F82134C11CD004B9AA0 /* Three20Style.xcodeproj */;
				},
				{
					ProductGroup = 3FB61FB6134C11CD004B9AA0 /* Products */;
					ProjectRef = 3FB61F8B134C11CD004B9AA0 /* Three20UI.xcodeproj */;
				},
				{
					ProductGroup = 3FB61FA6134C11CD004B9AA0 /* Products */;
					ProjectRef = 3FB61F85134C11CD004B9AA0 /* Three20UICommon.xcodeproj */;
				},
				{
					ProductGroup = 3FB61FAE134C11CD004B9AA0 /* Products */;
					ProjectRef = 3FB61F88134C11CD004B9AA0 /* Three20UINavigator.xcodeproj */;
				},
			);
			projectRoot = "";
			targets = (
				3F0D888F131DF28300734292 /* FlickrView */,
				3F0D88BD131DF28400734292 /* FlickrViewTests */,
			);
		};
/* End PBXProject section */

/* Begin PBXReferenceProxy section */
		3FB61F75134C11AB004B9AA0 /* libThree20.a */ = {
			isa = PBXReferenceProxy;
			fileType = archive.ar;
			path = libThree20.a;
			remoteRef = 3FB61F74134C11AB004B9AA0 /* PBXContainerItemProxy */;
			sourceTree = BUILT_PRODUCTS_DIR;
		};
		3FB61F77134C11AB004B9AA0 /* Three20UnitTests.octest */ = {
			isa = PBXReferenceProxy;
			fileType = wrapper.cfbundle;
			path = Three20UnitTests.octest;
			remoteRef = 3FB61F76134C11AB004B9AA0 /* PBXContainerItemProxy */;
			sourceTree = BUILT_PRODUCTS_DIR;
		};
		3FB61F93134C11CD004B9AA0 /* libThree20Core.a */ = {
			isa = PBXReferenceProxy;
			fileType = archive.ar;
			path = libThree20Core.a;
			remoteRef = 3FB61F92134C11CD004B9AA0 /* PBXContainerItemProxy */;
			sourceTree = BUILT_PRODUCTS_DIR;
		};
		3FB61F95134C11CD004B9AA0 /* CoreUnitTests.octest */ = {
			isa = PBXReferenceProxy;
			fileType = wrapper.cfbundle;
			path = CoreUnitTests.octest;
			remoteRef = 3FB61F94134C11CD004B9AA0 /* PBXContainerItemProxy */;
			sourceTree = BUILT_PRODUCTS_DIR;
		};
		3FB61F9B134C11CD004B9AA0 /* libThree20Network.a */ = {
			isa = PBXReferenceProxy;
			fileType = archive.ar;
			path = libThree20Network.a;
			remoteRef = 3FB61F9A134C11CD004B9AA0 /* PBXContainerItemProxy */;
			sourceTree = BUILT_PRODUCTS_DIR;
		};
		3FB61F9D134C11CD004B9AA0 /* NetworkUnitTests.octest */ = {
			isa = PBXReferenceProxy;
			fileType = wrapper.cfbundle;
			path = NetworkUnitTests.octest;
			remoteRef = 3FB61F9C134C11CD004B9AA0 /* PBXContainerItemProxy */;
			sourceTree = BUILT_PRODUCTS_DIR;
		};
		3FB61FA3134C11CD004B9AA0 /* libThree20Style.a */ = {
			isa = PBXReferenceProxy;
			fileType = archive.ar;
			path = libThree20Style.a;
			remoteRef = 3FB61FA2134C11CD004B9AA0 /* PBXContainerItemProxy */;
			sourceTree = BUILT_PRODUCTS_DIR;
		};
		3FB61FA5134C11CD004B9AA0 /* StyleUnitTests.octest */ = {
			isa = PBXReferenceProxy;
			fileType = wrapper.cfbundle;
			path = StyleUnitTests.octest;
			remoteRef = 3FB61FA4134C11CD004B9AA0 /* PBXContainerItemProxy */;
			sourceTree = BUILT_PRODUCTS_DIR;
		};
		3FB61FAB134C11CD004B9AA0 /* libThree20UICommon.a */ = {
			isa = PBXReferenceProxy;
			fileType = archive.ar;
			path = libThree20UICommon.a;
			remoteRef = 3FB61FAA134C11CD004B9AA0 /* PBXContainerItemProxy */;
			sourceTree = BUILT_PRODUCTS_DIR;
		};
		3FB61FAD134C11CD004B9AA0 /* UICommonUnitTests.octest */ = {
			isa = PBXReferenceProxy;
			fileType = wrapper.cfbundle;
			path = UICommonUnitTests.octest;
			remoteRef = 3FB61FAC134C11CD004B9AA0 /* PBXContainerItemProxy */;
			sourceTree = BUILT_PRODUCTS_DIR;
		};
		3FB61FB3134C11CD004B9AA0 /* libThree20UINavigator.a */ = {
			isa = PBXReferenceProxy;
			fileType = archive.ar;
			path = libThree20UINavigator.a;
			remoteRef = 3FB61FB2134C11CD004B9AA0 /* PBXContainerItemProxy */;
			sourceTree = BUILT_PRODUCTS_DIR;
		};
		3FB61FB5134C11CD004B9AA0 /* UINavigatorUnitTests.octest */ = {
			isa = PBXReferenceProxy;
			fileType = wrapper.cfbundle;
			path = UINavigatorUnitTests.octest;
			remoteRef = 3FB61FB4134C11CD004B9AA0 /* PBXContainerItemProxy */;
			sourceTree = BUILT_PRODUCTS_DIR;
		};
		3FB61FBB134C11CD004B9AA0 /* libThree20UI.a */ = {
			isa = PBXReferenceProxy;
			fileType = archive.ar;
			path = libThree20UI.a;
			remoteRef = 3FB61FBA134C11CD004B9AA0 /* PBXContainerItemProxy */;
			sourceTree = BUILT_PRODUCTS_DIR;
		};
		3FB61FBD134C11CD004B9AA0 /* UIUnitTests.octest */ = {
			isa = PBXReferenceProxy;
			fileType = wrapper.cfbundle;
			path = UIUnitTests.octest;
			remoteRef = 3FB61FBC134C11CD004B9AA0 /* PBXContainerItemProxy */;
			sourceTree = BUILT_PRODUCTS_DIR;
		};
		3FD96C4C131E320F007D5406 /* ObjectiveFlickr.framework */ = {
			isa = PBXReferenceProxy;
			fileType = wrapper.framework;
			path = ObjectiveFlickr.framework;
			remoteRef = 3FD96C4B131E320F007D5406 /* PBXContainerItemProxy */;
			sourceTree = BUILT_PRODUCTS_DIR;
		};
		3FD96C4E131E320F007D5406 /* libObjectiveFlickr.a */ = {
			isa = PBXReferenceProxy;
			fileType = archive.ar;
			path = libObjectiveFlickr.a;
			remoteRef = 3FD96C4D131E320F007D5406 /* PBXContainerItemProxy */;
			sourceTree = BUILT_PRODUCTS_DIR;
		};
/* End PBXReferenceProxy section */

/* Begin PBXResourcesBuildPhase section */
		3F0D888E131DF28300734292 /* Resources */ = {
			isa = PBXResourcesBuildPhase;
			buildActionMask = 2147483647;
			files = (
				3F0D88A1131DF28300734292 /* InfoPlist.strings in Resources */,
				3F0D88B1131DF28400734292 /* MainWindow_iPhone.xib in Resources */,
				3F0D88B8131DF28400734292 /* MainWindow_iPad.xib in Resources */,
				3FB9CC23131F3A82002F46C4 /* Placeholder.png in Resources */,
				3FB9CC24131F3A82002F46C4 /* all.png in Resources */,
				3FB9CC25131F3A82002F46C4 /* faves.png in Resources */,
				3FB9CC26131F3A82002F46C4 /* search.png in Resources */,
				3FB9CC27131F3A82002F46C4 /* star_empty.png in Resources */,
				3FB9CC28131F3A82002F46C4 /* star_full.png in Resources */,
				3FB9CE5C131F9FB6002F46C4 /* SnapAndRunViewController.xib in Resources */,
				3FB61FDA134C129A004B9AA0 /* Three20.bundle in Resources */,
			);
			runOnlyForDeploymentPostprocessing = 0;
		};
		3F0D88BB131DF28400734292 /* Resources */ = {
			isa = PBXResourcesBuildPhase;
			buildActionMask = 2147483647;
			files = (
				3F0D88CA131DF28400734292 /* InfoPlist.strings in Resources */,
				3F0D88CD131DF28400734292 /* FlickrViewTests.h in Resources */,
			);
			runOnlyForDeploymentPostprocessing = 0;
		};
/* End PBXResourcesBuildPhase section */

/* Begin PBXShellScriptBuildPhase section */
		3F0D88BC131DF28400734292 /* ShellScript */ = {
			isa = PBXShellScriptBuildPhase;
			buildActionMask = 2147483647;
			files = (
			);
			inputPaths = (
			);
			outputPaths = (
			);
			runOnlyForDeploymentPostprocessing = 0;
			shellPath = /bin/sh;
			shellScript = "# Run the unit tests in this test bundle.\n\"${SYSTEM_DEVELOPER_DIR}/Tools/RunUnitTests\"\n";
		};
/* End PBXShellScriptBuildPhase section */

/* Begin PBXSourcesBuildPhase section */
		3F0D888C131DF28300734292 /* Sources */ = {
			isa = PBXSourcesBuildPhase;
			buildActionMask = 2147483647;
			files = (
				3F0D88A4131DF28300734292 /* main.m in Sources */,
				3F0D88A7131DF28300734292 /* FlickrViewAppDelegate.m in Sources */,
				3F0D88AA131DF28400734292 /* FlickrView.xcdatamodeld in Sources */,
				3F0D88AE131DF28400734292 /* FlickrViewAppDelegate_iPhone.m in Sources */,
				3F0D88B5131DF28400734292 /* FlickrViewAppDelegate_iPad.m in Sources */,
				3F0D88E1131DF5DA00734292 /* HomePageTableViewController.m in Sources */,
				3FB9CC18131F39A5002F46C4 /* PhotoSpotsListTableViewController.m in Sources */,
				3FB9CD48131F902E002F46C4 /* FlickrFetcher.m in Sources */,
				3FB9CD49131F902E002F46C4 /* CoreDataTableViewController.m in Sources */,
				3FB9CD4B131F908B002F46C4 /* FlickrView.xcdatamodel in Sources */,
				3FB9CD5C131F91C9002F46C4 /* NSObject+SBJSON.m in Sources */,
				3FB9CD5D131F91C9002F46C4 /* NSString+SBJSON.m in Sources */,
				3FB9CD5E131F91C9002F46C4 /* SBJSON.m in Sources */,
				3FB9CD5F131F91C9002F46C4 /* SBJsonBase.m in Sources */,
				3FB9CD60131F91C9002F46C4 /* SBJsonParser.m in Sources */,
				3FB9CD61131F91C9002F46C4 /* SBJsonWriter.m in Sources */,
				3FB9CE16131F965E002F46C4 /* TopPlaceTableViewController.m in Sources */,
				3FB9CE5B131F9FB6002F46C4 /* SnapAndRunViewController.m in Sources */,
				3FB9CEAB132089B2002F46C4 /* UserPhotosTableViewController.m in Sources */,
				3FB9CFBB1320E781002F46C4 /* UserTableViewController.m in Sources */,
				3FB9D00D1320EF1E002F46C4 /* UserContactsTableViewController.m in Sources */,
				3F3FC6691332159C003016F3 /* URLModelResponse.m in Sources */,
				3F3FC66C133215B3003016F3 /* SearchResult.m in Sources */,
				3F3FC670133215E3003016F3 /* FlickrSearchResultsModel.m in Sources */,
				3F3FC673133215EC003016F3 /* FlickrResponse.m in Sources */,
				3F3FC67613321606003016F3 /* ForwardingAdapters.m in Sources */,
				3F3FC67913321629003016F3 /* SearchResultsPhotoSource.m in Sources */,
				3F3FC67E13321638003016F3 /* SearchResultsTableDataSource.m in Sources */,
				3F3FC67F13321638003016F3 /* SearchTableViewController.m in Sources */,
				3FC301901339EB460009E01F /* FillPhotoInfoViewController.m in Sources */,
				3FABF9CB1342ED4700242322 /* SearchBarController.m in Sources */,
				3FABFB9C13448C4A00242322 /* ContactsListTableViewController.m in Sources */,
				3FABFBA413448D1900242322 /* ContactsListDataSource.m in Sources */,
			);
			runOnlyForDeploymentPostprocessing = 0;
		};
		3F0D88B9131DF28400734292 /* Sources */ = {
			isa = PBXSourcesBuildPhase;
			buildActionMask = 2147483647;
			files = (
				3F0D88CF131DF28400734292 /* FlickrViewTests.m in Sources */,
			);
			runOnlyForDeploymentPostprocessing = 0;
		};
/* End PBXSourcesBuildPhase section */

/* Begin PBXTargetDependency section */
		3F0D88C4131DF28400734292 /* PBXTargetDependency */ = {
			isa = PBXTargetDependency;
			target = 3F0D888F131DF28300734292 /* FlickrView */;
			targetProxy = 3F0D88C3131DF28400734292 /* PBXContainerItemProxy */;
		};
		3FB61FCE134C1261004B9AA0 /* PBXTargetDependency */ = {
			isa = PBXTargetDependency;
			name = Three20UI;
			targetProxy = 3FB61FCD134C1261004B9AA0 /* PBXContainerItemProxy */;
		};
		3FB61FD0134C1261004B9AA0 /* PBXTargetDependency */ = {
			isa = PBXTargetDependency;
			name = Three20Network;
			targetProxy = 3FB61FCF134C1261004B9AA0 /* PBXContainerItemProxy */;
		};
		3FB61FD2134C1261004B9AA0 /* PBXTargetDependency */ = {
			isa = PBXTargetDependency;
			name = Three20UICommon;
			targetProxy = 3FB61FD1134C1261004B9AA0 /* PBXContainerItemProxy */;
		};
		3FB61FD4134C1261004B9AA0 /* PBXTargetDependency */ = {
			isa = PBXTargetDependency;
			name = Three20UINavigator;
			targetProxy = 3FB61FD3134C1261004B9AA0 /* PBXContainerItemProxy */;
		};
		3FB61FD6134C1261004B9AA0 /* PBXTargetDependency */ = {
			isa = PBXTargetDependency;
			name = Three20Core;
			targetProxy = 3FB61FD5134C1261004B9AA0 /* PBXContainerItemProxy */;
		};
		3FB61FD8134C1261004B9AA0 /* PBXTargetDependency */ = {
			isa = PBXTargetDependency;
			name = Three20Style;
			targetProxy = 3FB61FD7134C1261004B9AA0 /* PBXContainerItemProxy */;
		};
		3FD96C50131E3264007D5406 /* PBXTargetDependency */ = {
			isa = PBXTargetDependency;
			name = "ObjectiveFlickr (library)";
			targetProxy = 3FD96C4F131E3264007D5406 /* PBXContainerItemProxy */;
		};
/* End PBXTargetDependency section */

/* Begin PBXVariantGroup section */
		3F0D889F131DF28300734292 /* InfoPlist.strings */ = {
			isa = PBXVariantGroup;
			children = (
				3F0D88A0131DF28300734292 /* en */,
			);
			name = InfoPlist.strings;
			sourceTree = "<group>";
		};
		3F0D88AF131DF28400734292 /* MainWindow_iPhone.xib */ = {
			isa = PBXVariantGroup;
			children = (
				3F0D88B0131DF28400734292 /* en */,
			);
			name = MainWindow_iPhone.xib;
			sourceTree = "<group>";
		};
		3F0D88B6131DF28400734292 /* MainWindow_iPad.xib */ = {
			isa = PBXVariantGroup;
			children = (
				3F0D88B7131DF28400734292 /* en */,
			);
			name = MainWindow_iPad.xib;
			sourceTree = "<group>";
		};
		3F0D88C8131DF28400734292 /* InfoPlist.strings */ = {
			isa = PBXVariantGroup;
			children = (
				3F0D88C9131DF28400734292 /* en */,
			);
			name = InfoPlist.strings;
			sourceTree = "<group>";
		};
/* End PBXVariantGroup section */

/* Begin XCBuildConfiguration section */
		3F0D88D0131DF28400734292 /* Debug */ = {
			isa = XCBuildConfiguration;
			buildSettings = {
				ARCHS = "$(ARCHS_STANDARD_32_BIT)";
				"CODE_SIGN_IDENTITY[sdk=iphoneos*]" = "iPhone Developer";
				GCC_C_LANGUAGE_STANDARD = gnu99;
				GCC_OPTIMIZATION_LEVEL = 0;
				GCC_PREPROCESSOR_DEFINITIONS = DEBUG;
				GCC_VERSION = com.apple.compilers.llvmgcc42;
				GCC_WARN_ABOUT_RETURN_TYPE = YES;
				GCC_WARN_UNUSED_VARIABLE = YES;
				HEADER_SEARCH_PATHS = three20/Build/Products/three20;
				IPHONEOS_DEPLOYMENT_TARGET = 4.2;
				OTHER_LDFLAGS = (
					"-ObjC",
					"-ObjC",
				);
				SDKROOT = iphoneos;
				TARGETED_DEVICE_FAMILY = "1,2";
			};
			name = Debug;
		};
		3F0D88D1131DF28400734292 /* Release */ = {
			isa = XCBuildConfiguration;
			buildSettings = {
				ARCHS = "$(ARCHS_STANDARD_32_BIT)";
				"CODE_SIGN_IDENTITY[sdk=iphoneos*]" = "iPhone Developer";
				GCC_C_LANGUAGE_STANDARD = gnu99;
				GCC_VERSION = com.apple.compilers.llvmgcc42;
				GCC_WARN_ABOUT_RETURN_TYPE = YES;
				GCC_WARN_UNUSED_VARIABLE = YES;
				HEADER_SEARCH_PATHS = three20/Build/Products/three20;
				IPHONEOS_DEPLOYMENT_TARGET = 4.2;
				OTHER_CFLAGS = "-DNS_BLOCK_ASSERTIONS=1";
				OTHER_LDFLAGS = (
					"-ObjC",
					"-ObjC",
				);
				SDKROOT = iphoneos;
				TARGETED_DEVICE_FAMILY = "1,2";
			};
			name = Release;
		};
		3F0D88D3131DF28400734292 /* Debug */ = {
			isa = XCBuildConfiguration;
			buildSettings = {
				ALWAYS_SEARCH_USER_PATHS = NO;
				COPY_PHASE_STRIP = NO;
				FRAMEWORK_SEARCH_PATHS = (
					"$(inherited)",
					"\"$(SRCROOT)\"",
				);
				GCC_DYNAMIC_NO_PIC = NO;
				GCC_PRECOMPILE_PREFIX_HEADER = YES;
				GCC_PREFIX_HEADER = "FlickrView/FlickrView-Prefix.pch";
				HEADER_SEARCH_PATHS = (
					../three20/Build/Products/three20,
					objectiveflickr/Source,
					objectiveflickr/LFWebAPIKit,
				);
				INFOPLIST_FILE = "FlickrView/FlickrView-Info.plist";
				INSTALL_PATH = "$(LOCAL_APPS_DIR)";
				OTHER_LDFLAGS = (
					"-all_load",
					"-ObjC",
				);
				PRODUCT_NAME = "$(TARGET_NAME)";
				WRAPPER_EXTENSION = app;
			};
			name = Debug;
		};
		3F0D88D4131DF28400734292 /* Release */ = {
			isa = XCBuildConfiguration;
			buildSettings = {
				ALWAYS_SEARCH_USER_PATHS = NO;
				COPY_PHASE_STRIP = YES;
				FRAMEWORK_SEARCH_PATHS = (
					"$(inherited)",
					"\"$(SRCROOT)\"",
				);
				GCC_PRECOMPILE_PREFIX_HEADER = YES;
				GCC_PREFIX_HEADER = "FlickrView/FlickrView-Prefix.pch";
				HEADER_SEARCH_PATHS = (
					../three20/Build/Products/three20,
					objectiveflickr/Source,
					objectiveflickr/LFWebAPIKit,
				);
				INFOPLIST_FILE = "FlickrView/FlickrView-Info.plist";
				INSTALL_PATH = "$(LOCAL_APPS_DIR)";
				OTHER_LDFLAGS = (
					"-all_load",
					"-ObjC",
				);
				PRODUCT_NAME = "$(TARGET_NAME)";
				VALIDATE_PRODUCT = YES;
				WRAPPER_EXTENSION = app;
			};
			name = Release;
		};
		3F0D88D6131DF28400734292 /* Debug */ = {
			isa = XCBuildConfiguration;
			buildSettings = {
				ALWAYS_SEARCH_USER_PATHS = NO;
				BUNDLE_LOADER = "$(BUILT_PRODUCTS_DIR)/FlickrView.app/FlickrView";
				FRAMEWORK_SEARCH_PATHS = (
					"$(SDKROOT)/Developer/Library/Frameworks",
					"$(DEVELOPER_LIBRARY_DIR)/Frameworks",
				);
				GCC_PRECOMPILE_PREFIX_HEADER = YES;
				GCC_PREFIX_HEADER = "FlickrViewTests/FlickrViewTests-Prefix.pch";
				INFOPLIST_FILE = "FlickrViewTests/FlickrViewTests-Info.plist";
				OTHER_LDFLAGS = (
					"-framework",
					SenTestingKit,
				);
				PRODUCT_NAME = "$(TARGET_NAME)";
				TEST_HOST = "$(BUNDLE_LOADER)";
				WRAPPER_EXTENSION = octest;
			};
			name = Debug;
		};
		3F0D88D7131DF28400734292 /* Release */ = {
			isa = XCBuildConfiguration;
			buildSettings = {
				ALWAYS_SEARCH_USER_PATHS = NO;
				BUNDLE_LOADER = "$(BUILT_PRODUCTS_DIR)/FlickrView.app/FlickrView";
				FRAMEWORK_SEARCH_PATHS = (
					"$(SDKROOT)/Developer/Library/Frameworks",
					"$(DEVELOPER_LIBRARY_DIR)/Frameworks",
				);
				GCC_PRECOMPILE_PREFIX_HEADER = YES;
				GCC_PREFIX_HEADER = "FlickrViewTests/FlickrViewTests-Prefix.pch";
				INFOPLIST_FILE = "FlickrViewTests/FlickrViewTests-Info.plist";
				OTHER_LDFLAGS = (
					"-framework",
					SenTestingKit,
				);
				PRODUCT_NAME = "$(TARGET_NAME)";
				TEST_HOST = "$(BUNDLE_LOADER)";
				WRAPPER_EXTENSION = octest;
			};
			name = Release;
		};
/* End XCBuildConfiguration section */

/* Begin XCConfigurationList section */
		3F0D888A131DF28300734292 /* Build configuration list for PBXProject "FlickrView" */ = {
			isa = XCConfigurationList;
			buildConfigurations = (
				3F0D88D0131DF28400734292 /* Debug */,
				3F0D88D1131DF28400734292 /* Release */,
			);
			defaultConfigurationIsVisible = 0;
			defaultConfigurationName = Release;
		};
		3F0D88D2131DF28400734292 /* Build configuration list for PBXNativeTarget "FlickrView" */ = {
			isa = XCConfigurationList;
			buildConfigurations = (
				3F0D88D3131DF28400734292 /* Debug */,
				3F0D88D4131DF28400734292 /* Release */,
			);
			defaultConfigurationIsVisible = 0;
			defaultConfigurationName = Release;
		};
		3F0D88D5131DF28400734292 /* Build configuration list for PBXNativeTarget "FlickrViewTests" */ = {
			isa = XCConfigurationList;
			buildConfigurations = (
				3F0D88D6131DF28400734292 /* Debug */,
				3F0D88D7131DF28400734292 /* Release */,
			);
			defaultConfigurationIsVisible = 0;
			defaultConfigurationName = Release;
		};
/* End XCConfigurationList section */

/* Begin XCVersionGroup section */
		3F0D88A8131DF28300734292 /* FlickrView.xcdatamodeld */ = {
			isa = XCVersionGroup;
			children = (
				3FB9CD4A131F908B002F46C4 /* FlickrView.xcdatamodel */,
			);
			currentVersion = 3FB9CD4A131F908B002F46C4 /* FlickrView.xcdatamodel */;
			path = FlickrView.xcdatamodeld;
			sourceTree = "<group>";
			versionGroupType = wrapper.xcdatamodel;
		};
/* End XCVersionGroup section */
	};
	rootObject = 3F0D8887131DF28300734292 /* Project object */;
}
